<?xml version="1.0" encoding="utf-8"?>
<Project ToolsVersion="4.0" xmlns="http://schemas.microsoft.com/developer/msbuild/2003">
  <ItemGroup>
    <Filter Include="Source Files">
      <UniqueIdentifier>{4FC737F1-C7A5-4376-A066-2A32D752A2FF}</UniqueIdentifier>
      <Extensions>cpp;c;cc;cxx;def;odl;idl;hpj;bat;asm;asmx</Extensions>
    </Filter>
    <Filter Include="Header Files">
      <UniqueIdentifier>{93995380-89BD-4b04-88EB-625FBE52EBFB}</UniqueIdentifier>
      <Extensions>h;hh;hpp;hxx;hm;inl;inc;xsd</Extensions>
    </Filter>
    <Filter Include="Resource Files">
      <UniqueIdentifier>{67DA6AB6-F800-4c08-8B7A-83BB121AAD01}</UniqueIdentifier>
      <Extensions>rc;ico;cur;bmp;dlg;rc2;rct;bin;rgs;gif;jpg;jpeg;jpe;resx;tiff;tif;png;wav;mfcribbon-ms</Extensions>
    </Filter>
  </ItemGroup>
  <ItemGroup>
    <ClCompile Include="Source.cpp">
      <Filter>Source Files</Filter>
    </ClCompile>
    <ClCompile Include="District.cpp">
      <Filter>Source Files</Filter>
    </ClCompile>
    <ClCompile Include="DistrictsArr.cpp">
      <Filter>Source Files</Filter>
    </ClCompile>
    <ClCompile Include="Citizen.cpp">
      <Filter>Source Files</Filter>
    </ClCompile>
    <ClCompile Include="CitizensArr.cpp">
      <Filter>Source Files</Filter>
    </ClCompile>
    <ClCompile Include="Party.cpp">
      <Filter>Source Files</Filter>
    </ClCompile>
    <ClCompile Include="PartiesArr.cpp">
      <Filter>Source Files</Filter>
    </ClCompile>
    <ClCompile Include="CitizensDB.cpp">
      <Filter>Source Files</Filter>
    </ClCompile>
    <ClCompile Include="FilesHandler.cpp">
      <Filter>Source Files</Filter>
    </ClCompile>
    <ClCompile Include="VotesCounter.cpp">
      <Filter>Source Files</Filter>
    </ClCompile>
    <ClCompile Include="DividedDistrict.cpp">
      <Filter>Source Files</Filter>
    </ClCompile>
    <ClCompile Include="Election.cpp">
      <Filter>Source Files</Filter>
    </ClCompile>
  </ItemGroup>
  <ItemGroup>
    <ClInclude Include="District.h">
      <Filter>Header Files</Filter>
    </ClInclude>
    <ClInclude Include="DistrictsArr.h">
      <Filter>Header Files</Filter>
    </ClInclude>
    <ClInclude Include="Citizen.h">
      <Filter>Header Files</Filter>
    </ClInclude>
    <ClInclude Include="CitizensArr.h">
      <Filter>Header Files</Filter>
    </ClInclude>
    <ClInclude Include="Party.h">
      <Filter>Header Files</Filter>
    </ClInclude>
    <ClInclude Include="PartiesArr.h">
      <Filter>Header Files</Filter>
    </ClInclude>
    <ClInclude Include="UserActions.h">
      <Filter>Header Files</Filter>
    </ClInclude>
    <ClInclude Include="CitizensDB.h">
      <Filter>Header Files</Filter>
    </ClInclude>
    <ClInclude Include="VotesCounter.h">
      <Filter>Header Files</Filter>
    </ClInclude>
    <ClInclude Include="Election.h">
      <Filter>Header Files</Filter>
    </ClInclude>
    <ClInclude Include="ElectionType.h">
      <Filter>Header Files</Filter>
    </ClInclude>
    <ClInclude Include="FilesHandler.h">
      <Filter>Header Files</Filter>
    </ClInclude>
    <ClInclude Include="DividedDistrict.h">
      <Filter>Header Files</Filter>
    </ClInclude>
    <ClInclude Include="DynamicArray.h">
      <Filter>Header Files</Filter>
    </ClInclude>
  </ItemGroup>
</Project>